
Microsoft Visual Studio Solution File, Format Version 12.00
# Visual Studio Version 16
VisualStudioVersion = 16.0.30204.135
MinimumVisualStudioVersion = 10.0.40219.1
Project("{9A19103F-16F7-4668-BE54-9A1E7A4F7556}") = "NetCoreExample.UI", "NetCoreExample.UI\NetCoreExample.UI.csproj", "{85DD2392-55C4-4CF3-A940-F3948659226F}"
EndProject
Project("{2150E333-8FDC-42A3-9474-1A3956D46DE8}") = "2. Presentation", "2. Presentation", "{C96EA996-4912-4329-9B45-0FA7B92C4D24}"
EndProject
Project("{2150E333-8FDC-42A3-9474-1A3956D46DE8}") = "1. Models", "1. Models", "{CA9031CD-D8AA-4111-9607-063DE658F87B}"
EndProject
Project("{E53339B2-1760-4266-BCC7-CA923CBCF16C}") = "docker-compose", "docker-compose.dcproj", "{9C2175C6-0F44-4E26-9EBE-70457A981804}"
EndProject
Project("{2150E333-8FDC-42A3-9474-1A3956D46DE8}") = "3. Contract", "3. Contract", "{ACFFDFE5-F91F-42DC-8FD3-07F4BAF1740A}"
EndProject
Project("{2150E333-8FDC-42A3-9474-1A3956D46DE8}") = "4. Service", "4. Service", "{A493CD81-3A17-45B6-8B7A-2BF6D220D9C8}"
EndProject
Project("{2150E333-8FDC-42A3-9474-1A3956D46DE8}") = "5. Repository", "5. Repository", "{4E815F3C-3456-46A0-BD0D-0A3358F1A879}"
EndProject
Project("{FAE04EC0-301F-11D3-BF4B-00C04F79EFBC}") = "NetCoreExample.Interfaces", "..\NetCoreExample.Interface\NetCoreExample.Interfaces.csproj", "{B27F61AB-CF44-4DE0-B455-D4809EE23E2F}"
EndProject
Project("{FAE04EC0-301F-11D3-BF4B-00C04F79EFBC}") = "NetCoreExample.Services", "..\NetCoreExample.Services\NetCoreExample.Services.csproj", "{0031C39E-551A-4E33-AF14-D02975CDA2C0}"
EndProject
Project("{FAE04EC0-301F-11D3-BF4B-00C04F79EFBC}") = "NetCoreExample.Repositories", "..\NetCoreExample.Repositories\NetCoreExample.Repositories.csproj", "{9EBBBCBF-78FD-49C5-A993-5939C605FAB4}"
EndProject
Project("{FAE04EC0-301F-11D3-BF4B-00C04F79EFBC}") = "NetCoreExample.Model", "..\NetCoreExample.Model\NetCoreExample.Model.csproj", "{C22B215E-2EE2-4967-A21E-BD6445BADD4F}"
EndProject
Global
	GlobalSection(SolutionConfigurationPlatforms) = preSolution
		Debug|Any CPU = Debug|Any CPU
		Release|Any CPU = Release|Any CPU
	EndGlobalSection
	GlobalSection(ProjectConfigurationPlatforms) = postSolution
		{85DD2392-55C4-4CF3-A940-F3948659226F}.Debug|Any CPU.ActiveCfg = Debug|Any CPU
		{85DD2392-55C4-4CF3-A940-F3948659226F}.Debug|Any CPU.Build.0 = Debug|Any CPU
		{85DD2392-55C4-4CF3-A940-F3948659226F}.Release|Any CPU.ActiveCfg = Release|Any CPU
		{85DD2392-55C4-4CF3-A940-F3948659226F}.Release|Any CPU.Build.0 = Release|Any CPU
		{9C2175C6-0F44-4E26-9EBE-70457A981804}.Debug|Any CPU.ActiveCfg = Debug|Any CPU
		{9C2175C6-0F44-4E26-9EBE-70457A981804}.Debug|Any CPU.Build.0 = Debug|Any CPU
		{9C2175C6-0F44-4E26-9EBE-70457A981804}.Release|Any CPU.ActiveCfg = Release|Any CPU
		{9C2175C6-0F44-4E26-9EBE-70457A981804}.Release|Any CPU.Build.0 = Release|Any CPU
		{B27F61AB-CF44-4DE0-B455-D4809EE23E2F}.Debug|Any CPU.ActiveCfg = Debug|Any CPU
		{B27F61AB-CF44-4DE0-B455-D4809EE23E2F}.Debug|Any CPU.Build.0 = Debug|Any CPU
		{B27F61AB-CF44-4DE0-B455-D4809EE23E2F}.Release|Any CPU.ActiveCfg = Release|Any CPU
		{B27F61AB-CF44-4DE0-B455-D4809EE23E2F}.Release|Any CPU.Build.0 = Release|Any CPU
		{0031C39E-551A-4E33-AF14-D02975CDA2C0}.Debug|Any CPU.ActiveCfg = Debug|Any CPU
		{0031C39E-551A-4E33-AF14-D02975CDA2C0}.Debug|Any CPU.Build.0 = Debug|Any CPU
		{0031C39E-551A-4E33-AF14-D02975CDA2C0}.Release|Any CPU.ActiveCfg = Release|Any CPU
		{0031C39E-551A-4E33-AF14-D02975CDA2C0}.Release|Any CPU.Build.0 = Release|Any CPU
		{9EBBBCBF-78FD-49C5-A993-5939C605FAB4}.Debug|Any CPU.ActiveCfg = Debug|Any CPU
		{9EBBBCBF-78FD-49C5-A993-5939C605FAB4}.Debug|Any CPU.Build.0 = Debug|Any CPU
		{9EBBBCBF-78FD-49C5-A993-5939C605FAB4}.Release|Any CPU.ActiveCfg = Release|Any CPU
		{9EBBBCBF-78FD-49C5-A993-5939C605FAB4}.Release|Any CPU.Build.0 = Release|Any CPU
		{C22B215E-2EE2-4967-A21E-BD6445BADD4F}.Debug|Any CPU.ActiveCfg = Debug|Any CPU
		{C22B215E-2EE2-4967-A21E-BD6445BADD4F}.Debug|Any CPU.Build.0 = Debug|Any CPU
		{C22B215E-2EE2-4967-A21E-BD6445BADD4F}.Release|Any CPU.ActiveCfg = Release|Any CPU
		{C22B215E-2EE2-4967-A21E-BD6445BADD4F}.Release|Any CPU.Build.0 = Release|Any CPU
	EndGlobalSection
	GlobalSection(SolutionProperties) = preSolution
		HideSolutionNode = FALSE
	EndGlobalSection
	GlobalSection(NestedProjects) = preSolution
		{85DD2392-55C4-4CF3-A940-F3948659226F} = {C96EA996-4912-4329-9B45-0FA7B92C4D24}
		{9C2175C6-0F44-4E26-9EBE-70457A981804} = {C96EA996-4912-4329-9B45-0FA7B92C4D24}
		{B27F61AB-CF44-4DE0-B455-D4809EE23E2F} = {ACFFDFE5-F91F-42DC-8FD3-07F4BAF1740A}
		{0031C39E-551A-4E33-AF14-D02975CDA2C0} = {A493CD81-3A17-45B6-8B7A-2BF6D220D9C8}
		{9EBBBCBF-78FD-49C5-A993-5939C605FAB4} = {4E815F3C-3456-46A0-BD0D-0A3358F1A879}
		{C22B215E-2EE2-4967-A21E-BD6445BADD4F} = {CA9031CD-D8AA-4111-9607-063DE658F87B}
	EndGlobalSection
	GlobalSection(ExtensibilityGlobals) = postSolution
		SolutionGuid = {AD7B732B-4B74-47C8-BDCC-331930788C19}
	EndGlobalSection
EndGlobal
